
Microsoft Visual Studio Solution File, Format Version 12.00
# Visual Studio Version 17
VisualStudioVersion = 17.13.35931.197 d17.13
MinimumVisualStudioVersion = 10.0.40219.1
Project("{FAE04EC0-301F-11D3-BF4B-00C04F79EFBC}") = "Wi-Fi Info Grabber", "Wi-Fi Info Grabber\Wi-Fi Info Grabber.csproj", "{2AED9CEF-53A3-477B-B8AD-9DE87D49A639}"
EndProject
Global
	GlobalSection(SolutionConfigurationPlatforms) = preSolution
		Debug|Any CPU = Debug|Any CPU
		Release|Any CPU = Release|Any CPU
	EndGlobalSection
	GlobalSection(ProjectConfigurationPlatforms) = postSolution
		{2AED9CEF-53A3-477B-B8AD-9DE87D49A639}.Debug|Any CPU.ActiveCfg = Debug|Any CPU
		{2AED9CEF-53A3-477B-B8AD-9DE87D49A639}.Debug|Any CPU.Build.0 = Debug|Any CPU
		{2AED9CEF-53A3-477B-B8AD-9DE87D49A639}.Release|Any CPU.ActiveCfg = Release|Any CPU
		{2AED9CEF-53A3-477B-B8AD-9DE87D49A639}.Release|Any CPU.Build.0 = Release|Any CPU
	EndGlobalSection
	GlobalSection(SolutionProperties) = preSolution
		HideSolutionNode = FALSE
	EndGlobalSection
	GlobalSection(ExtensibilityGlobals) = postSolution
		SolutionGuid = {4AD02B95-55D4-4D71-ACD7-ED42083FCC32}
	EndGlobalSection
EndGlobal
